Microsoft Visual Studio Solution File, Format Version 12.00
# Visual Studio Version 17
VisualStudioVersion = 17.4.33205.214
MinimumVisualStudioVersion = 10.0.40219.1
Project("{FAE04EC0-301F-11D3-BF4B-00C04F79EFBC}") = "GD_MachineConnectTest", "GD_MachineConnectTest\GD_MachineConnectTest.csproj", "{0F457838-6516-4171-84AA-4A0A31C3809A}"
EndProject
Project("{9A19103F-16F7-4668-BE54-9A1E7A4F7556}") = "GD_StampingMachine.GD_Enum", "GD_StampingMachine.GD_Enum\GD_StampingMachine.GD_Enum.csproj", "{1B72928B-A32A-440A-854B-2EC435881875}"
EndProject
Project("{9A19103F-16F7-4668-BE54-9A1E7A4F7556}") = "GD_StampingMachine.GD_Model", "GD_StampingMachine.GD_Model\GD_StampingMachine.GD_Model.csproj", "{12B3B748-7A04-4621-955C-463F2ECA94B7}"
EndProject
Project("{FAE04EC0-301F-11D3-BF4B-00C04F79EFBC}") = "Arrowheads", "Arrowheads\Arrowheads.csproj", "{3C73AB7A-0F68-4790-AF89-C107C411BB55}"
EndProject
Project("{FAE04EC0-301F-11D3-BF4B-00C04F79EFBC}") = "ArrowheadsDemo", "ArrowheadsDemo\ArrowheadsDemo.csproj", "{D4543E77-E9D9-4C08-A522-45B6E1934D0C}"
EndProject
Project("{9A19103F-16F7-4668-BE54-9A1E7A4F7556}") = "GD_StampingMachine", "GD_StampingMachine\GD_StampingMachine.csproj", "{4B0E6CD5-06E0-4A31-8361-21D1AEB2B084}"
EndProject
Project("{9A19103F-16F7-4668-BE54-9A1E7A4F7556}") = "GD_MachineConnect", "GD_MachineConnect\GD_MachineConnect.csproj", "{BA39DD25-0E2B-4450-8F0B-2098808405B1}"
EndProject
Project("{9A19103F-16F7-4668-BE54-9A1E7A4F7556}") = "GD_CommonControlLibrary", "GD_CommonControlLibrary\GD_CommonControlLibrary.csproj", "{0D9B864E-7D28-4EDC-B2AD-808E87F299A0}"
EndProject
Project("{FAE04EC0-301F-11D3-BF4B-00C04F79EFBC}") = "GD_CommonLibrary", "GD_CommonLibrary\GD_CommonLibrary.csproj", "{6AC74EA7-462F-49D8-A808-E8B79A3977FD}"
EndProject
Global
	GlobalSection(SolutionConfigurationPlatforms) = preSolution
		Debug|Any CPU = Debug|Any CPU
		Debug|ARM = Debug|ARM
		Debug|ARM64 = Debug|ARM64
		Debug|x64 = Debug|x64
		Debug|x86 = Debug|x86
		Release|Any CPU = Release|Any CPU
		Release|ARM = Release|ARM
		Release|ARM64 = Release|ARM64
		Release|x64 = Release|x64
		Release|x86 = Release|x86
	EndGlobalSection
	GlobalSection(ProjectConfigurationPlatforms) = postSolution
		{0F457838-6516-4171-84AA-4A0A31C3809A}.Debug|Any CPU.ActiveCfg = Debug|Any CPU
		{0F457838-6516-4171-84AA-4A0A31C3809A}.Debug|Any CPU.Build.0 = Debug|Any CPU
		{0F457838-6516-4171-84AA-4A0A31C3809A}.Debug|ARM.ActiveCfg = Debug|Any CPU
		{0F457838-6516-4171-84AA-4A0A31C3809A}.Debug|ARM.Build.0 = Debug|Any CPU
		{0F457838-6516-4171-84AA-4A0A31C3809A}.Debug|ARM64.ActiveCfg = Debug|Any CPU
		{0F457838-6516-4171-84AA-4A0A31C3809A}.Debug|ARM64.Build.0 = Debug|Any CPU
		{0F457838-6516-4171-84AA-4A0A31C3809A}.Debug|x64.ActiveCfg = Debug|Any CPU
		{0F457838-6516-4171-84AA-4A0A31C3809A}.Debug|x64.Build.0 = Debug|Any CPU
		{0F457838-6516-4171-84AA-4A0A31C3809A}.Debug|x86.ActiveCfg = Debug|Any CPU
		{0F457838-6516-4171-84AA-4A0A31C3809A}.Debug|x86.Build.0 = Debug|Any CPU
		{0F457838-6516-4171-84AA-4A0A31C3809A}.Release|Any CPU.ActiveCfg = Release|Any CPU
		{0F457838-6516-4171-84AA-4A0A31C3809A}.Release|Any CPU.Build.0 = Release|Any CPU
		{0F457838-6516-4171-84AA-4A0A31C3809A}.Release|ARM.ActiveCfg = Release|Any CPU
		{0F457838-6516-4171-84AA-4A0A31C3809A}.Release|ARM.Build.0 = Release|Any CPU
		{0F457838-6516-4171-84AA-4A0A31C3809A}.Release|ARM64.ActiveCfg = Release|Any CPU
		{0F457838-6516-4171-84AA-4A0A31C3809A}.Release|ARM64.Build.0 = Release|Any CPU
		{0F457838-6516-4171-84AA-4A0A31C3809A}.Release|x64.ActiveCfg = Release|Any CPU
		{0F457838-6516-4171-84AA-4A0A31C3809A}.Release|x64.Build.0 = Release|Any CPU
		{0F457838-6516-4171-84AA-4A0A31C3809A}.Release|x86.ActiveCfg = Release|Any CPU
		{0F457838-6516-4171-84AA-4A0A31C3809A}.Release|x86.Build.0 = Release|Any CPU
		{1B72928B-A32A-440A-854B-2EC435881875}.Debug|Any CPU.ActiveCfg = Debug|Any CPU
		{1B72928B-A32A-440A-854B-2EC435881875}.Debug|Any CPU.Build.0 = Debug|Any CPU
		{1B72928B-A32A-440A-854B-2EC435881875}.Debug|ARM.ActiveCfg = Debug|Any CPU
		{1B72928B-A32A-440A-854B-2EC435881875}.Debug|ARM.Build.0 = Debug|Any CPU
		{1B72928B-A32A-440A-854B-2EC435881875}.Debug|ARM64.ActiveCfg = Debug|Any CPU
		{1B72928B-A32A-440A-854B-2EC435881875}.Debug|ARM64.Build.0 = Debug|Any CPU
		{1B72928B-A32A-440A-854B-2EC435881875}.Debug|x64.ActiveCfg = Debug|Any CPU
		{1B72928B-A32A-440A-854B-2EC435881875}.Debug|x64.Build.0 = Debug|Any CPU
		{1B72928B-A32A-440A-854B-2EC435881875}.Debug|x86.ActiveCfg = Debug|Any CPU
		{1B72928B-A32A-440A-854B-2EC435881875}.Debug|x86.Build.0 = Debug|Any CPU
		{1B72928B-A32A-440A-854B-2EC435881875}.Release|Any CPU.ActiveCfg = Release|Any CPU
		{1B72928B-A32A-440A-854B-2EC435881875}.Release|Any CPU.Build.0 = Release|Any CPU
		{1B72928B-A32A-440A-854B-2EC435881875}.Release|ARM.ActiveCfg = Release|Any CPU
		{1B72928B-A32A-440A-854B-2EC435881875}.Release|ARM.Build.0 = Release|Any CPU
		{1B72928B-A32A-440A-854B-2EC435881875}.Release|ARM64.ActiveCfg = Release|Any CPU
		{1B72928B-A32A-440A-854B-2EC435881875}.Release|ARM64.Build.0 = Release|Any CPU
		{1B72928B-A32A-440A-854B-2EC435881875}.Release|x64.ActiveCfg = Release|Any CPU
		{1B72928B-A32A-440A-854B-2EC435881875}.Release|x64.Build.0 = Release|Any CPU
		{1B72928B-A32A-440A-854B-2EC435881875}.Release|x86.ActiveCfg = Release|Any CPU
		{1B72928B-A32A-440A-854B-2EC435881875}.Release|x86.Build.0 = Release|Any CPU
		{12B3B748-7A04-4621-955C-463F2ECA94B7}.Debug|Any CPU.ActiveCfg = Debug|Any CPU
		{12B3B748-7A04-4621-955C-463F2ECA94B7}.Debug|Any CPU.Build.0 = Debug|Any CPU
		{12B3B748-7A04-4621-955C-463F2ECA94B7}.Debug|ARM.ActiveCfg = Debug|Any CPU
		{12B3B748-7A04-4621-955C-463F2ECA94B7}.Debug|ARM.Build.0 = Debug|Any CPU
		{12B3B748-7A04-4621-955C-463F2ECA94B7}.Debug|ARM64.ActiveCfg = Debug|Any CPU
		{12B3B748-7A04-4621-955C-463F2ECA94B7}.Debug|ARM64.Build.0 = Debug|Any CPU
		{12B3B748-7A04-4621-955C-463F2ECA94B7}.Debug|x64.ActiveCfg = Debug|Any CPU
		{12B3B748-7A04-4621-955C-463F2ECA94B7}.Debug|x64.Build.0 = Debug|Any CPU
		{12B3B748-7A04-4621-955C-463F2ECA94B7}.Debug|x86.ActiveCfg = Debug|Any CPU
		{12B3B748-7A04-4621-955C-463F2ECA94B7}.Debug|x86.Build.0 = Debug|Any CPU
		{12B3B748-7A04-4621-955C-463F2ECA94B7}.Release|Any CPU.ActiveCfg = Release|Any CPU
		{12B3B748-7A04-4621-955C-463F2ECA94B7}.Release|Any CPU.Build.0 = Release|Any CPU
		{12B3B748-7A04-4621-955C-463F2ECA94B7}.Release|ARM.ActiveCfg = Release|Any CPU
		{12B3B748-7A04-4621-955C-463F2ECA94B7}.Release|ARM.Build.0 = Release|Any CPU
		{12B3B748-7A04-4621-955C-463F2ECA94B7}.Release|ARM64.ActiveCfg = Release|Any CPU
		{12B3B748-7A04-4621-955C-463F2ECA94B7}.Release|ARM64.Build.0 = Release|Any CPU
		{12B3B748-7A04-4621-955C-463F2ECA94B7}.Release|x64.ActiveCfg = Release|Any CPU
		{12B3B748-7A04-4621-955C-463F2ECA94B7}.Release|x64.Build.0 = Release|Any CPU
		{12B3B748-7A04-4621-955C-463F2ECA94B7}.Release|x86.ActiveCfg = Release|Any CPU
		{12B3B748-7A04-4621-955C-463F2ECA94B7}.Release|x86.Build.0 = Release|Any CPU
		{3C73AB7A-0F68-4790-AF89-C107C411BB55}.Debug|Any CPU.ActiveCfg = Debug|Any CPU
		{3C73AB7A-0F68-4790-AF89-C107C411BB55}.Debug|Any CPU.Build.0 = Debug|Any CPU
		{3C73AB7A-0F68-4790-AF89-C107C411BB55}.Debug|ARM.ActiveCfg = Debug|Any CPU
		{3C73AB7A-0F68-4790-AF89-C107C411BB55}.Debug|ARM.Build.0 = Debug|Any CPU
		{3C73AB7A-0F68-4790-AF89-C107C411BB55}.Debug|ARM64.ActiveCfg = Debug|Any CPU
		{3C73AB7A-0F68-4790-AF89-C107C411BB55}.Debug|ARM64.Build.0 = Debug|Any CPU
		{3C73AB7A-0F68-4790-AF89-C107C411BB55}.Debug|x64.ActiveCfg = Debug|Any CPU
		{3C73AB7A-0F68-4790-AF89-C107C411BB55}.Debug|x64.Build.0 = Debug|Any CPU
		{3C73AB7A-0F68-4790-AF89-C107C411BB55}.Debug|x86.ActiveCfg = Debug|Any CPU
		{3C73AB7A-0F68-4790-AF89-C107C411BB55}.Debug|x86.Build.0 = Debug|Any CPU
		{3C73AB7A-0F68-4790-AF89-C107C411BB55}.Release|Any CPU.ActiveCfg = Release|Any CPU
		{3C73AB7A-0F68-4790-AF89-C107C411BB55}.Release|Any CPU.Build.0 = Release|Any CPU
		{3C73AB7A-0F68-4790-AF89-C107C411BB55}.Release|ARM.ActiveCfg = Release|Any CPU
		{3C73AB7A-0F68-4790-AF89-C107C411BB55}.Release|ARM.Build.0 = Release|Any CPU
		{3C73AB7A-0F68-4790-AF89-C107C411BB55}.Release|ARM64.ActiveCfg = Release|Any CPU
		{3C73AB7A-0F68-4790-AF89-C107C411BB55}.Release|ARM64.Build.0 = Release|Any CPU
		{3C73AB7A-0F68-4790-AF89-C107C411BB55}.Release|x64.ActiveCfg = Release|Any CPU
		{3C73AB7A-0F68-4790-AF89-C107C411BB55}.Release|x64.Build.0 = Release|Any CPU
		{3C73AB7A-0F68-4790-AF89-C107C411BB55}.Release|x86.ActiveCfg = Release|Any CPU
		{3C73AB7A-0F68-4790-AF89-C107C411BB55}.Release|x86.Build.0 = Release|Any CPU
		{D4543E77-E9D9-4C08-A522-45B6E1934D0C}.Debug|Any CPU.ActiveCfg = Debug|Any CPU
		{D4543E77-E9D9-4C08-A522-45B6E1934D0C}.Debug|Any CPU.Build.0 = Debug|Any CPU
		{D4543E77-E9D9-4C08-A522-45B6E1934D0C}.Debug|ARM.ActiveCfg = Debug|Any CPU
		{D4543E77-E9D9-4C08-A522-45B6E1934D0C}.Debug|ARM.Build.0 = Debug|Any CPU
		{D4543E77-E9D9-4C08-A522-45B6E1934D0C}.Debug|ARM64.ActiveCfg = Debug|Any CPU
		{D4543E77-E9D9-4C08-A522-45B6E1934D0C}.Debug|ARM64.Build.0 = Debug|Any CPU
		{D4543E77-E9D9-4C08-A522-45B6E1934D0C}.Debug|x64.ActiveCfg = Debug|Any CPU
		{D4543E77-E9D9-4C08-A522-45B6E1934D0C}.Debug|x64.Build.0 = Debug|Any CPU
		{D4543E77-E9D9-4C08-A522-45B6E1934D0C}.Debug|x86.ActiveCfg = Debug|Any CPU
		{D4543E77-E9D9-4C08-A522-45B6E1934D0C}.Debug|x86.Build.0 = Debug|Any CPU
		{D4543E77-E9D9-4C08-A522-45B6E1934D0C}.Release|Any CPU.ActiveCfg = Release|Any CPU
		{D4543E77-E9D9-4C08-A522-45B6E1934D0C}.Release|Any CPU.Build.0 = Release|Any CPU
		{D4543E77-E9D9-4C08-A522-45B6E1934D0C}.Release|ARM.ActiveCfg = Release|Any CPU
		{D4543E77-E9D9-4C08-A522-45B6E1934D0C}.Release|ARM.Build.0 = Release|Any CPU
		{D4543E77-E9D9-4C08-A522-45B6E1934D0C}.Release|ARM64.ActiveCfg = Release|Any CPU
		{D4543E77-E9D9-4C08-A522-45B6E1934D0C}.Release|ARM64.Build.0 = Release|Any CPU
		{D4543E77-E9D9-4C08-A522-45B6E1934D0C}.Release|x64.ActiveCfg = Release|Any CPU
		{D4543E77-E9D9-4C08-A522-45B6E1934D0C}.Release|x64.Build.0 = Release|Any CPU
		{D4543E77-E9D9-4C08-A522-45B6E1934D0C}.Release|x86.ActiveCfg = Release|Any CPU
		{D4543E77-E9D9-4C08-A522-45B6E1934D0C}.Release|x86.Build.0 = Release|Any CPU
		{4B0E6CD5-06E0-4A31-8361-21D1AEB2B084}.Debug|Any CPU.ActiveCfg = Debug|Any CPU
		{4B0E6CD5-06E0-4A31-8361-21D1AEB2B084}.Debug|Any CPU.Build.0 = Debug|Any CPU
		{4B0E6CD5-06E0-4A31-8361-21D1AEB2B084}.Debug|ARM.ActiveCfg = Debug|Any CPU
		{4B0E6CD5-06E0-4A31-8361-21D1AEB2B084}.Debug|ARM.Build.0 = Debug|Any CPU
		{4B0E6CD5-06E0-4A31-8361-21D1AEB2B084}.Debug|ARM64.ActiveCfg = Debug|Any CPU
		{4B0E6CD5-06E0-4A31-8361-21D1AEB2B084}.Debug|ARM64.Build.0 = Debug|Any CPU
		{4B0E6CD5-06E0-4A31-8361-21D1AEB2B084}.Debug|x64.ActiveCfg = Debug|Any CPU
		{4B0E6CD5-06E0-4A31-8361-21D1AEB2B084}.Debug|x64.Build.0 = Debug|Any CPU
		{4B0E6CD5-06E0-4A31-8361-21D1AEB2B084}.Debug|x86.ActiveCfg = Debug|Any CPU
		{4B0E6CD5-06E0-4A31-8361-21D1AEB2B084}.Debug|x86.Build.0 = Debug|Any CPU
		{4B0E6CD5-06E0-4A31-8361-21D1AEB2B084}.Release|Any CPU.ActiveCfg = Release|Any CPU
		{4B0E6CD5-06E0-4A31-8361-21D1AEB2B084}.Release|Any CPU.Build.0 = Release|Any CPU
		{4B0E6CD5-06E0-4A31-8361-21D1AEB2B084}.Release|ARM.ActiveCfg = Release|Any CPU
		{4B0E6CD5-06E0-4A31-8361-21D1AEB2B084}.Release|ARM.Build.0 = Release|Any CPU
		{4B0E6CD5-06E0-4A31-8361-21D1AEB2B084}.Release|ARM64.ActiveCfg = Release|Any CPU
		{4B0E6CD5-06E0-4A31-8361-21D1AEB2B084}.Release|ARM64.Build.0 = Release|Any CPU
		{4B0E6CD5-06E0-4A31-8361-21D1AEB2B084}.Release|x64.ActiveCfg = Release|Any CPU
		{4B0E6CD5-06E0-4A31-8361-21D1AEB2B084}.Release|x64.Build.0 = Release|Any CPU
		{4B0E6CD5-06E0-4A31-8361-21D1AEB2B084}.Release|x86.ActiveCfg = Release|Any CPU
		{4B0E6CD5-06E0-4A31-8361-21D1AEB2B084}.Release|x86.Build.0 = Release|Any CPU
		{BA39DD25-0E2B-4450-8F0B-2098808405B1}.Debug|Any CPU.ActiveCfg = Debug|Any CPU
		{BA39DD25-0E2B-4450-8F0B-2098808405B1}.Debug|Any CPU.Build.0 = Debug|Any CPU
		{BA39DD25-0E2B-4450-8F0B-2098808405B1}.Debug|ARM.ActiveCfg = Debug|Any CPU
		{BA39DD25-0E2B-4450-8F0B-2098808405B1}.Debug|ARM.Build.0 = Debug|Any CPU
		{BA39DD25-0E2B-4450-8F0B-2098808405B1}.Debug|ARM64.ActiveCfg = Debug|Any CPU
		{BA39DD25-0E2B-4450-8F0B-2098808405B1}.Debug|ARM64.Build.0 = Debug|Any CPU
		{BA39DD25-0E2B-4450-8F0B-2098808405B1}.Debug|x64.ActiveCfg = Debug|Any CPU
		{BA39DD25-0E2B-4450-8F0B-2098808405B1}.Debug|x64.Build.0 = Debug|Any CPU
		{BA39DD25-0E2B-4450-8F0B-2098808405B1}.Debug|x86.ActiveCfg = Debug|Any CPU
		{BA39DD25-0E2B-4450-8F0B-2098808405B1}.Debug|x86.Build.0 = Debug|Any CPU
		{BA39DD25-0E2B-4450-8F0B-2098808405B1}.Release|Any CPU.ActiveCfg = Release|Any CPU
		{BA39DD25-0E2B-4450-8F0B-2098808405B1}.Release|Any CPU.Build.0 = Release|Any CPU
		{BA39DD25-0E2B-4450-8F0B-2098808405B1}.Release|ARM.ActiveCfg = Release|Any CPU
		{BA39DD25-0E2B-4450-8F0B-2098808405B1}.Release|ARM.Build.0 = Release|Any CPU
		{BA39DD25-0E2B-4450-8F0B-2098808405B1}.Release|ARM64.ActiveCfg = Release|Any CPU
		{BA39DD25-0E2B-4450-8F0B-2098808405B1}.Release|ARM64.Build.0 = Release|Any CPU
		{BA39DD25-0E2B-4450-8F0B-2098808405B1}.Release|x64.ActiveCfg = Release|Any CPU
		{BA39DD25-0E2B-4450-8F0B-2098808405B1}.Release|x64.Build.0 = Release|Any CPU
		{BA39DD25-0E2B-4450-8F0B-2098808405B1}.Release|x86.ActiveCfg = Release|Any CPU
		{BA39DD25-0E2B-4450-8F0B-2098808405B1}.Release|x86.Build.0 = Release|Any CPU
		{0D9B864E-7D28-4EDC-B2AD-808E87F299A0}.Debug|Any CPU.ActiveCfg = Debug|Any CPU
		{0D9B864E-7D28-4EDC-B2AD-808E87F299A0}.Debug|Any CPU.Build.0 = Debug|Any CPU
		{0D9B864E-7D28-4EDC-B2AD-808E87F299A0}.Debug|ARM.ActiveCfg = Debug|Any CPU
		{0D9B864E-7D28-4EDC-B2AD-808E87F299A0}.Debug|ARM.Build.0 = Debug|Any CPU
		{0D9B864E-7D28-4EDC-B2AD-808E87F299A0}.Debug|ARM64.ActiveCfg = Debug|Any CPU
		{0D9B864E-7D28-4EDC-B2AD-808E87F299A0}.Debug|ARM64.Build.0 = Debug|Any CPU
		{0D9B864E-7D28-4EDC-B2AD-808E87F299A0}.Debug|x64.ActiveCfg = Debug|Any CPU
		{0D9B864E-7D28-4EDC-B2AD-808E87F299A0}.Debug|x64.Build.0 = Debug|Any CPU
		{0D9B864E-7D28-4EDC-B2AD-808E87F299A0}.Debug|x86.ActiveCfg = Debug|Any CPU
		{0D9B864E-7D28-4EDC-B2AD-808E87F299A0}.Debug|x86.Build.0 = Debug|Any CPU
		{0D9B864E-7D28-4EDC-B2AD-808E87F299A0}.Release|Any CPU.ActiveCfg = Release|Any CPU
		{0D9B864E-7D28-4EDC-B2AD-808E87F299A0}.Release|Any CPU.Build.0 = Release|Any CPU
		{0D9B864E-7D28-4EDC-B2AD-808E87F299A0}.Release|ARM.ActiveCfg = Release|Any CPU
		{0D9B864E-7D28-4EDC-B2AD-808E87F299A0}.Release|ARM.Build.0 = Release|Any CPU
		{0D9B864E-7D28-4EDC-B2AD-808E87F299A0}.Release|ARM64.ActiveCfg = Release|Any CPU
		{0D9B864E-7D28-4EDC-B2AD-808E87F299A0}.Release|ARM64.Build.0 = Release|Any CPU
		{0D9B864E-7D28-4EDC-B2AD-808E87F299A0}.Release|x64.ActiveCfg = Release|Any CPU
		{0D9B864E-7D28-4EDC-B2AD-808E87F299A0}.Release|x64.Build.0 = Release|Any CPU
		{0D9B864E-7D28-4EDC-B2AD-808E87F299A0}.Release|x86.ActiveCfg = Release|Any CPU
		{0D9B864E-7D28-4EDC-B2AD-808E87F299A0}.Release|x86.Build.0 = Release|Any CPU
		{6AC74EA7-462F-49D8-A808-E8B79A3977FD}.Debug|Any CPU.ActiveCfg = Debug|Any CPU
		{6AC74EA7-462F-49D8-A808-E8B79A3977FD}.Debug|Any CPU.Build.0 = Debug|Any CPU
		{6AC74EA7-462F-49D8-A808-E8B79A3977FD}.Debug|ARM.ActiveCfg = Debug|Any CPU
		{6AC74EA7-462F-49D8-A808-E8B79A3977FD}.Debug|ARM.Build.0 = Debug|Any CPU
		{6AC74EA7-462F-49D8-A808-E8B79A3977FD}.Debug|ARM64.ActiveCfg = Debug|Any CPU
		{6AC74EA7-462F-49D8-A808-E8B79A3977FD}.Debug|ARM64.Build.0 = Debug|Any CPU
		{6AC74EA7-462F-49D8-A808-E8B79A3977FD}.Debug|x64.ActiveCfg = Debug|Any CPU
		{6AC74EA7-462F-49D8-A808-E8B79A3977FD}.Debug|x64.Build.0 = Debug|Any CPU
		{6AC74EA7-462F-49D8-A808-E8B79A3977FD}.Debug|x86.ActiveCfg = Debug|Any CPU
		{6AC74EA7-462F-49D8-A808-E8B79A3977FD}.Debug|x86.Build.0 = Debug|Any CPU
		{6AC74EA7-462F-49D8-A808-E8B79A3977FD}.Release|Any CPU.ActiveCfg = Release|Any CPU
		{6AC74EA7-462F-49D8-A808-E8B79A3977FD}.Release|Any CPU.Build.0 = Release|Any CPU
		{6AC74EA7-462F-49D8-A808-E8B79A3977FD}.Release|ARM.ActiveCfg = Release|Any CPU
		{6AC74EA7-462F-49D8-A808-E8B79A3977FD}.Release|ARM.Build.0 = Release|Any CPU
		{6AC74EA7-462F-49D8-A808-E8B79A3977FD}.Release|ARM64.ActiveCfg = Release|Any CPU
		{6AC74EA7-462F-49D8-A808-E8B79A3977FD}.Release|ARM64.Build.0 = Release|Any CPU
		{6AC74EA7-462F-49D8-A808-E8B79A3977FD}.Release|x64.ActiveCfg = Release|Any CPU
		{6AC74EA7-462F-49D8-A808-E8B79A3977FD}.Release|x64.Build.0 = Release|Any CPU
		{6AC74EA7-462F-49D8-A808-E8B79A3977FD}.Release|x86.ActiveCfg = Release|Any CPU
		{6AC74EA7-462F-49D8-A808-E8B79A3977FD}.Release|x86.Build.0 = Release|Any CPU
	EndGlobalSection
	GlobalSection(SolutionProperties) = preSolution
		HideSolutionNode = FALSE
	EndGlobalSection
	GlobalSection(ExtensibilityGlobals) = postSolution
		SolutionGuid = {C937B1AE-5EE1-44CA-A417-F1F3E2DE872A}
	EndGlobalSection
EndGlobal
